
Microsoft Visual Studio Solution File, Format Version 12.00
# Visual Studio 15
VisualStudioVersion = 15.0.28307.705
MinimumVisualStudioVersion = 10.0.40219.1
Project("{FAE04EC0-301F-11D3-BF4B-00C04F79EFBC}") = "PicoyPlaca", "PicoyPlaca\PicoyPlaca.csproj", "{06A14D2D-C625-4D0E-8219-3EE19B641148}"
EndProject
Project("{FAE04EC0-301F-11D3-BF4B-00C04F79EFBC}") = "TestPicoyPlaca", "TestPicoyPlaca\TestPicoyPlaca.csproj", "{A0E0A12E-EF45-4152-87A9-D4455757C473}"
EndProject
Global
	GlobalSection(SolutionConfigurationPlatforms) = preSolution
		Debug|Any CPU = Debug|Any CPU
		Release|Any CPU = Release|Any CPU
	EndGlobalSection
	GlobalSection(ProjectConfigurationPlatforms) = postSolution
		{06A14D2D-C625-4D0E-8219-3EE19B641148}.Debug|Any CPU.ActiveCfg = Debug|Any CPU
		{06A14D2D-C625-4D0E-8219-3EE19B641148}.Debug|Any CPU.Build.0 = Debug|Any CPU
		{06A14D2D-C625-4D0E-8219-3EE19B641148}.Release|Any CPU.ActiveCfg = Release|Any CPU
		{06A14D2D-C625-4D0E-8219-3EE19B641148}.Release|Any CPU.Build.0 = Release|Any CPU
		{A0E0A12E-EF45-4152-87A9-D4455757C473}.Debug|Any CPU.ActiveCfg = Debug|Any CPU
		{A0E0A12E-EF45-4152-87A9-D4455757C473}.Debug|Any CPU.Build.0 = Debug|Any CPU
		{A0E0A12E-EF45-4152-87A9-D4455757C473}.Release|Any CPU.ActiveCfg = Release|Any CPU
		{A0E0A12E-EF45-4152-87A9-D4455757C473}.Release|Any CPU.Build.0 = Release|Any CPU
	EndGlobalSection
	GlobalSection(SolutionProperties) = preSolution
		HideSolutionNode = FALSE
	EndGlobalSection
	GlobalSection(ExtensibilityGlobals) = postSolution
		SolutionGuid = {02493DCB-361F-4F66-9505-4B6E97BE3C4A}
	EndGlobalSection
EndGlobal
